
Microsoft Visual Studio Solution File, Format Version 12.00
# Visual Studio Version 16
VisualStudioVersion = 16.0.29503.13
MinimumVisualStudioVersion = 10.0.40219.1
Project("{FAE04EC0-301F-11D3-BF4B-00C04F79EFBC}") = "Proyecto Final", "Proyecto Final\Proyecto Final.csproj", "{F4592F95-0467-40A2-89A2-5BBEB31BD53D}"
EndProject
Global
	GlobalSection(SolutionConfigurationPlatforms) = preSolution
		Debug|Any CPU = Debug|Any CPU
		Release|Any CPU = Release|Any CPU
	EndGlobalSection
	GlobalSection(ProjectConfigurationPlatforms) = postSolution
		{F4592F95-0467-40A2-89A2-5BBEB31BD53D}.Debug|Any CPU.ActiveCfg = Debug|Any CPU
		{F4592F95-0467-40A2-89A2-5BBEB31BD53D}.Debug|Any CPU.Build.0 = Debug|Any CPU
		{F4592F95-0467-40A2-89A2-5BBEB31BD53D}.Release|Any CPU.ActiveCfg = Release|Any CPU
		{F4592F95-0467-40A2-89A2-5BBEB31BD53D}.Release|Any CPU.Build.0 = Release|Any CPU
	EndGlobalSection
	GlobalSection(SolutionProperties) = preSolution
		HideSolutionNode = FALSE
	EndGlobalSection
	GlobalSection(ExtensibilityGlobals) = postSolution
		SolutionGuid = {6D346293-F2C5-47D1-B3B9-3297F0C9FA23}
	EndGlobalSection
EndGlobal
